Microsoft Visual Studio Solution File, Format Version 11.00
# Visual Studio 2008

Project("{AAAD145F-50BF-0856-3FEE-3AC96899BB06}") = "Qbert supinfo", "Assembly-CSharp-firstpass.csproj", "{67E93BD4-912C-3BCC-D402-9B37C69AE624}"
EndProject
Project("{AAAD145F-50BF-0856-3FEE-3AC96899BB06}") = "Qbert supinfo", "Assembly-CSharp.csproj", "{52C8E277-F0BA-7D80-7FEF-2AA48ECAB083}"
EndProject
Global
	GlobalSection(SolutionConfigurationPlatforms) = preSolution
		Debug|Any CPU = Debug|Any CPU
		Release|Any CPU = Release|Any CPU
	EndGlobalSection
	GlobalSection(ProjectConfigurationPlatforms) = postSolution
		{67E93BD4-912C-3BCC-D402-9B37C69AE624}.Debug|Any CPU.ActiveCfg = Debug|Any CPU
		{67E93BD4-912C-3BCC-D402-9B37C69AE624}.Debug|Any CPU.Build.0 = Debug|Any CPU
		{67E93BD4-912C-3BCC-D402-9B37C69AE624}.Release|Any CPU.ActiveCfg = Release|Any CPU
		{67E93BD4-912C-3BCC-D402-9B37C69AE624}.Release|Any CPU.Build.0 = Release|Any CPU
		{52C8E277-F0BA-7D80-7FEF-2AA48ECAB083}.Debug|Any CPU.ActiveCfg = Debug|Any CPU
		{52C8E277-F0BA-7D80-7FEF-2AA48ECAB083}.Debug|Any CPU.Build.0 = Debug|Any CPU
		{52C8E277-F0BA-7D80-7FEF-2AA48ECAB083}.Release|Any CPU.ActiveCfg = Release|Any CPU
		{52C8E277-F0BA-7D80-7FEF-2AA48ECAB083}.Release|Any CPU.Build.0 = Release|Any CPU
	EndGlobalSection
	GlobalSection(SolutionProperties) = preSolution
		HideSolutionNode = FALSE
	EndGlobalSection
	GlobalSection(MonoDevelopProperties) = preSolution
		StartupItem = Assembly-CSharp.csproj
	EndGlobalSection
EndGlobal
