Microsoft Visual Studio Solution File, Format Version 11.00
# Visual Studio 2008

Project("{88491896-63B9-2287-6578-499FB1A6CAA9}") = "QbertRe", "Assembly-CSharp-firstpass.csproj", "{D395F7CD-173A-777A-F9FC-D3995093515D}"
EndProject
Project("{88491896-63B9-2287-6578-499FB1A6CAA9}") = "QbertRe", "Assembly-CSharp.csproj", "{A7FE4985-CFC4-0BF9-FC98-EDCECFD8D7B3}"
EndProject
Global
	GlobalSection(SolutionConfigurationPlatforms) = preSolution
		Debug|Any CPU = Debug|Any CPU
		Release|Any CPU = Release|Any CPU
	EndGlobalSection
	GlobalSection(ProjectConfigurationPlatforms) = postSolution
		{D395F7CD-173A-777A-F9FC-D3995093515D}.Debug|Any CPU.ActiveCfg = Debug|Any CPU
		{D395F7CD-173A-777A-F9FC-D3995093515D}.Debug|Any CPU.Build.0 = Debug|Any CPU
		{D395F7CD-173A-777A-F9FC-D3995093515D}.Release|Any CPU.ActiveCfg = Release|Any CPU
		{D395F7CD-173A-777A-F9FC-D3995093515D}.Release|Any CPU.Build.0 = Release|Any CPU
		{A7FE4985-CFC4-0BF9-FC98-EDCECFD8D7B3}.Debug|Any CPU.ActiveCfg = Debug|Any CPU
		{A7FE4985-CFC4-0BF9-FC98-EDCECFD8D7B3}.Debug|Any CPU.Build.0 = Debug|Any CPU
		{A7FE4985-CFC4-0BF9-FC98-EDCECFD8D7B3}.Release|Any CPU.ActiveCfg = Release|Any CPU
		{A7FE4985-CFC4-0BF9-FC98-EDCECFD8D7B3}.Release|Any CPU.Build.0 = Release|Any CPU
	EndGlobalSection
	GlobalSection(SolutionProperties) = preSolution
		HideSolutionNode = FALSE
	EndGlobalSection
	GlobalSection(MonoDevelopProperties) = preSolution
		StartupItem = Assembly-CSharp.csproj
	EndGlobalSection
EndGlobal
